<?xml version="1.0" encoding="UTF-8"?>
<Scheme
   version = "1.3">
   <BuildAction>
      <BuildActionEntries>
         <BuildActionEntry
            buildForRunning = "YES">
            <BuildableReference
               BuildableIdentifier = "primary"
               BlueprintIdentifier = "37C0C1F528862CBF00553B73"
               BuildableName = "MultiFactor.app"
               BlueprintName = "MultiFactor (iOS)"
               ReferencedContainer = "container:MultiFactor.xcodeproj">
            </BuildableReference>
         </BuildActionEntry>
      </BuildActionEntries>
   </BuildAction>
   <LaunchAction
      useCustomWorkingDirectory = "NO"
      buildConfiguration = "Debug"
      allowLocationSimulation = "YES">
      <BuildableProductRunnable>
         <BuildableReference
            BuildableIdentifier = "primary"
            BlueprintIdentifier = "37C0C1F528862CBF00553B73"
            BuildableName = "MultiFactor.app"
            BlueprintName = "MultiFactor (iOS)"
            ReferencedContainer = "container:MultiFactor.xcodeproj">
         </BuildableReference>
      </BuildableProductRunnable>
   </LaunchAction>
</Scheme>
