// !$*UTF8*$!
{
	archiveVersion = 1;
	classes = {
	};
	objectVersion = 55;
	objects = {

/* Begin PBXBuildFile section */
		37058724288A023100E6048C /* AppDelegate.swift in Sources */ = {isa = PBXBuildFile; fileRef = 37058723288A023100E6048C /* AppDelegate.swift */; };
		37058725288A023100E6048C /* AppDelegate.swift in Sources */ = {isa = PBXBuildFile; fileRef = 37058723288A023100E6048C /* AppDelegate.swift */; };
		37058727288A030900E6048C /* FirebaseAuthCombine-Community in Frameworks */ = {isa = PBXBuildFile; productRef = 37058726288A030900E6048C /* FirebaseAuthCombine-Community */; };
		37058729288A031200E6048C /* FirebaseFirestoreCombine-Community in Frameworks */ = {isa = PBXBuildFile; productRef = 37058728288A031200E6048C /* FirebaseFirestoreCombine-Community */; };
		3705872B288A032000E6048C /* FirebaseAuthCombine-Community in Frameworks */ = {isa = PBXBuildFile; productRef = 3705872A288A032000E6048C /* FirebaseAuthCombine-Community */; };
		3705872D288A032000E6048C /* FirebaseFirestoreCombine-Community in Frameworks */ = {isa = PBXBuildFile; productRef = 3705872C288A032000E6048C /* FirebaseFirestoreCombine-Community */; };
		37058733288A05AF00E6048C /* FirebaseCloudProvider.swift in Sources */ = {isa = PBXBuildFile; fileRef = 37058732288A05AF00E6048C /* FirebaseCloudProvider.swift */; };
		37058734288A05AF00E6048C /* FirebaseCloudProvider.swift in Sources */ = {isa = PBXBuildFile; fileRef = 37058732288A05AF00E6048C /* FirebaseCloudProvider.swift */; };
		3705873A288A0E7B00E6048C /* LoginView.swift in Sources */ = {isa = PBXBuildFile; fileRef = 37058739288A0E7B00E6048C /* LoginView.swift */; };
		3705873B288A0E7B00E6048C /* LoginView.swift in Sources */ = {isa = PBXBuildFile; fileRef = 37058739288A0E7B00E6048C /* LoginView.swift */; };
		370A64EE2891FC1900D529E1 /* MFClock.swift in Sources */ = {isa = PBXBuildFile; fileRef = 370A64ED2891FC1900D529E1 /* MFClock.swift */; };
		370A64EF2891FC1900D529E1 /* MFClock.swift in Sources */ = {isa = PBXBuildFile; fileRef = 370A64ED2891FC1900D529E1 /* MFClock.swift */; };
		370A64F42892171F00D529E1 /* String+Extensions.swift in Sources */ = {isa = PBXBuildFile; fileRef = 370A64F32892171F00D529E1 /* String+Extensions.swift */; };
		370A64F52892171F00D529E1 /* String+Extensions.swift in Sources */ = {isa = PBXBuildFile; fileRef = 370A64F32892171F00D529E1 /* String+Extensions.swift */; };
		371F3EBB28931F2400EBAB91 /* CloudEncryptedOTP.swift in Sources */ = {isa = PBXBuildFile; fileRef = 371F3EBA28931F2400EBAB91 /* CloudEncryptedOTP.swift */; };
		371F3EBC28931F2400EBAB91 /* CloudEncryptedOTP.swift in Sources */ = {isa = PBXBuildFile; fileRef = 371F3EBA28931F2400EBAB91 /* CloudEncryptedOTP.swift */; };
		373408A5288C98E700ABB9C4 /* View+GlassBackground.swift in Sources */ = {isa = PBXBuildFile; fileRef = 373408A4288C98E700ABB9C4 /* View+GlassBackground.swift */; };
		373408A6288C9BDE00ABB9C4 /* View+GlassBackground.swift in Sources */ = {isa = PBXBuildFile; fileRef = 373408A4288C98E700ABB9C4 /* View+GlassBackground.swift */; };
		373408A8288C9FDE00ABB9C4 /* Color+MFColors.swift in Sources */ = {isa = PBXBuildFile; fileRef = 373408A7288C9FDE00ABB9C4 /* Color+MFColors.swift */; };
		373408A9288CA02500ABB9C4 /* Color+MFColors.swift in Sources */ = {isa = PBXBuildFile; fileRef = 373408A7288C9FDE00ABB9C4 /* Color+MFColors.swift */; };
		373408AC288CA85200ABB9C4 /* CloudProvider.swift in Sources */ = {isa = PBXBuildFile; fileRef = 373408AB288CA85200ABB9C4 /* CloudProvider.swift */; };
		373408AD288CA85200ABB9C4 /* CloudProvider.swift in Sources */ = {isa = PBXBuildFile; fileRef = 373408AB288CA85200ABB9C4 /* CloudProvider.swift */; };
		373408AF288CB44700ABB9C4 /* Bundle+VersionNumber.swift in Sources */ = {isa = PBXBuildFile; fileRef = 373408AE288CB44700ABB9C4 /* Bundle+VersionNumber.swift */; };
		373408B0288CB44700ABB9C4 /* Bundle+VersionNumber.swift in Sources */ = {isa = PBXBuildFile; fileRef = 373408AE288CB44700ABB9C4 /* Bundle+VersionNumber.swift */; };
		373544E5289C45890052115A /* BiometryType.swift in Sources */ = {isa = PBXBuildFile; fileRef = 373544E4289C45890052115A /* BiometryType.swift */; };
		373544E6289C45890052115A /* BiometryType.swift in Sources */ = {isa = PBXBuildFile; fileRef = 373544E4289C45890052115A /* BiometryType.swift */; };
		37369117289B1C880093336E /* MFCipher.swift in Sources */ = {isa = PBXBuildFile; fileRef = 37369116289B1C880093336E /* MFCipher.swift */; };
		37369118289B1C880093336E /* MFCipher.swift in Sources */ = {isa = PBXBuildFile; fileRef = 37369116289B1C880093336E /* MFCipher.swift */; };
		3736911D289BC6160093336E /* SHA256Digest+Digest.swift in Sources */ = {isa = PBXBuildFile; fileRef = 3736911C289BC6160093336E /* SHA256Digest+Digest.swift */; };
		3736911E289BC6160093336E /* SHA256Digest+Digest.swift in Sources */ = {isa = PBXBuildFile; fileRef = 3736911C289BC6160093336E /* SHA256Digest+Digest.swift */; };
		3736B212288DA16500C7AEAF /* SwiftOTP in Frameworks */ = {isa = PBXBuildFile; productRef = 3736B211288DA16500C7AEAF /* SwiftOTP */; };
		3736B214288DA26800C7AEAF /* HomeViewModel.swift in Sources */ = {isa = PBXBuildFile; fileRef = 3736B213288DA26800C7AEAF /* HomeViewModel.swift */; };
		3736B215288DA26800C7AEAF /* HomeViewModel.swift in Sources */ = {isa = PBXBuildFile; fileRef = 3736B213288DA26800C7AEAF /* HomeViewModel.swift */; };
		3736B217288DA50F00C7AEAF /* TOTPViewModel.swift in Sources */ = {isa = PBXBuildFile; fileRef = 3736B216288DA50F00C7AEAF /* TOTPViewModel.swift */; };
		3736B218288DA50F00C7AEAF /* TOTPViewModel.swift in Sources */ = {isa = PBXBuildFile; fileRef = 3736B216288DA50F00C7AEAF /* TOTPViewModel.swift */; };
		3737A68C2888C9CF007F8DFD /* HomeView.swift in Sources */ = {isa = PBXBuildFile; fileRef = 3737A68B2888C9CF007F8DFD /* HomeView.swift */; };
		3737A68D2888C9CF007F8DFD /* HomeView.swift in Sources */ = {isa = PBXBuildFile; fileRef = 3737A68B2888C9CF007F8DFD /* HomeView.swift */; };
		3737A6902888CA0F007F8DFD /* OTPView.swift in Sources */ = {isa = PBXBuildFile; fileRef = 3737A68F2888CA0F007F8DFD /* OTPView.swift */; };
		3737A6912888CA0F007F8DFD /* OTPView.swift in Sources */ = {isa = PBXBuildFile; fileRef = 3737A68F2888CA0F007F8DFD /* OTPView.swift */; };
		373E7930289A72080067B226 /* SwiftOTP in Frameworks */ = {isa = PBXBuildFile; productRef = 373E792F289A72080067B226 /* SwiftOTP */; };
		377B9D61288A2E9400090D84 /* AuthenticationViewModel.swift in Sources */ = {isa = PBXBuildFile; fileRef = 377B9D60288A2E9400090D84 /* AuthenticationViewModel.swift */; };
		377B9D62288A2E9400090D84 /* AuthenticationViewModel.swift in Sources */ = {isa = PBXBuildFile; fileRef = 377B9D60288A2E9400090D84 /* AuthenticationViewModel.swift */; };
		378D9F232889DDDA007BDFB6 /* VisualEffectiveView.swift in Sources */ = {isa = PBXBuildFile; fileRef = 378D9F222889DDDA007BDFB6 /* VisualEffectiveView.swift */; };
		37C0C20828862CC000553B73 /* TestsiOS.swift in Sources */ = {isa = PBXBuildFile; fileRef = 37C0C20728862CC000553B73 /* TestsiOS.swift */; };
		37C0C20A28862CC000553B73 /* TestsiOSLaunchTests.swift in Sources */ = {isa = PBXBuildFile; fileRef = 37C0C20928862CC000553B73 /* TestsiOSLaunchTests.swift */; };
		37C0C21428862CC000553B73 /* TestsMacOS.swift in Sources */ = {isa = PBXBuildFile; fileRef = 37C0C21328862CC000553B73 /* TestsMacOS.swift */; };
		37C0C21628862CC000553B73 /* TestsMacOSLaunchTests.swift in Sources */ = {isa = PBXBuildFile; fileRef = 37C0C21528862CC000553B73 /* TestsMacOSLaunchTests.swift */; };
		37C0C21728862CC000553B73 /* MultiFactor.xcdatamodeld in Sources */ = {isa = PBXBuildFile; fileRef = 37C0C1EC28862CBD00553B73 /* MultiFactor.xcdatamodeld */; };
		37C0C21828862CC000553B73 /* MultiFactor.xcdatamodeld in Sources */ = {isa = PBXBuildFile; fileRef = 37C0C1EC28862CBD00553B73 /* MultiFactor.xcdatamodeld */; };
		37C0C21928862CC000553B73 /* MultiFactorApp.swift in Sources */ = {isa = PBXBuildFile; fileRef = 37C0C1EE28862CBD00553B73 /* MultiFactorApp.swift */; };
		37C0C21A28862CC000553B73 /* MultiFactorApp.swift in Sources */ = {isa = PBXBuildFile; fileRef = 37C0C1EE28862CBD00553B73 /* MultiFactorApp.swift */; };
		37C0C21B28862CC000553B73 /* ContentView.swift in Sources */ = {isa = PBXBuildFile; fileRef = 37C0C1EF28862CBD00553B73 /* ContentView.swift */; };
		37C0C21C28862CC000553B73 /* ContentView.swift in Sources */ = {isa = PBXBuildFile; fileRef = 37C0C1EF28862CBD00553B73 /* ContentView.swift */; };
		37C0C21D28862CC000553B73 /* Persistence.swift in Sources */ = {isa = PBXBuildFile; fileRef = 37C0C1F028862CBD00553B73 /* Persistence.swift */; };
		37C0C21E28862CC000553B73 /* Persistence.swift in Sources */ = {isa = PBXBuildFile; fileRef = 37C0C1F028862CBD00553B73 /* Persistence.swift */; };
		37C0C21F28862CC000553B73 /* Assets.xcassets in Resources */ = {isa = PBXBuildFile; fileRef = 37C0C1F128862CBF00553B73 /* Assets.xcassets */; };
		37C0C22028862CC000553B73 /* Assets.xcassets in Resources */ = {isa = PBXBuildFile; fileRef = 37C0C1F128862CBF00553B73 /* Assets.xcassets */; };
		37C0C2302886352800553B73 /* GoogleService-Info.plist in Resources */ = {isa = PBXBuildFile; fileRef = 37C0C22F2886352800553B73 /* GoogleService-Info.plist */; };
		37C0C2312886352800553B73 /* GoogleService-Info.plist in Resources */ = {isa = PBXBuildFile; fileRef = 37C0C22F2886352800553B73 /* GoogleService-Info.plist */; };
		37E337E028931C0000094293 /* DecryptedOTP.swift in Sources */ = {isa = PBXBuildFile; fileRef = 37E337DF28931C0000094293 /* DecryptedOTP.swift */; };
		37E337E128931C0000094293 /* DecryptedOTP.swift in Sources */ = {isa = PBXBuildFile; fileRef = 37E337DF28931C0000094293 /* DecryptedOTP.swift */; };
/* End PBXBuildFile section */

/* Begin PBXContainerItemProxy section */
		37C0C20428862CC000553B73 /* PBXContainerItemProxy */ = {
			isa = PBXContainerItemProxy;
			containerPortal = 37C0C1E728862CBD00553B73 /* Project object */;
			proxyType = 1;
			remoteGlobalIDString = 37C0C1F528862CBF00553B73;
			remoteInfo = "MultiFactor (iOS)";
		};
		37C0C21028862CC000553B73 /* PBXContainerItemProxy */ = {
			isa = PBXContainerItemProxy;
			containerPortal = 37C0C1E728862CBD00553B73 /* Project object */;
			proxyType = 1;
			remoteGlobalIDString = 37C0C1FB28862CBF00553B73;
			remoteInfo = "MultiFactor (macOS)";
		};
/* End PBXContainerItemProxy section */

/* Begin PBXFileReference section */
		37058723288A023100E6048C /* AppDelegate.swift */ = {isa = PBXFileReference; lastKnownFileType = sourcecode.swift; path = AppDelegate.swift; sourceTree = "<group>"; };
		37058732288A05AF00E6048C /* FirebaseCloudProvider.swift */ = {isa = PBXFileReference; lastKnownFileType = sourcecode.swift; path = FirebaseCloudProvider.swift; sourceTree = "<group>"; };
		37058739288A0E7B00E6048C /* LoginView.swift */ = {isa = PBXFileReference; lastKnownFileType = sourcecode.swift; path = LoginView.swift; sourceTree = "<group>"; };
		370A64ED2891FC1900D529E1 /* MFClock.swift */ = {isa = PBXFileReference; lastKnownFileType = sourcecode.swift; path = MFClock.swift; sourceTree = "<group>"; };
		370A64F32892171F00D529E1 /* String+Extensions.swift */ = {isa = PBXFileReference; lastKnownFileType = sourcecode.swift; path = "String+Extensions.swift"; sourceTree = "<group>"; };
		371F3EBA28931F2400EBAB91 /* CloudEncryptedOTP.swift */ = {isa = PBXFileReference; lastKnownFileType = sourcecode.swift; path = CloudEncryptedOTP.swift; sourceTree = "<group>"; };
		373408A4288C98E700ABB9C4 /* View+GlassBackground.swift */ = {isa = PBXFileReference; lastKnownFileType = sourcecode.swift; path = "View+GlassBackground.swift"; sourceTree = "<group>"; };
		373408A7288C9FDE00ABB9C4 /* Color+MFColors.swift */ = {isa = PBXFileReference; lastKnownFileType = sourcecode.swift; path = "Color+MFColors.swift"; sourceTree = "<group>"; };
		373408AB288CA85200ABB9C4 /* CloudProvider.swift */ = {isa = PBXFileReference; lastKnownFileType = sourcecode.swift; path = CloudProvider.swift; sourceTree = "<group>"; };
		373408AE288CB44700ABB9C4 /* Bundle+VersionNumber.swift */ = {isa = PBXFileReference; lastKnownFileType = sourcecode.swift; path = "Bundle+VersionNumber.swift"; sourceTree = "<group>"; };
		373544E4289C45890052115A /* BiometryType.swift */ = {isa = PBXFileReference; lastKnownFileType = sourcecode.swift; path = BiometryType.swift; sourceTree = "<group>"; };
		373544F1289D14DA0052115A /* MultiFactor--iOS--Info.plist */ = {isa = PBXFileReference; lastKnownFileType = text.plist; path = "MultiFactor--iOS--Info.plist"; sourceTree = "<group>"; };
		37369116289B1C880093336E /* MFCipher.swift */ = {isa = PBXFileReference; lastKnownFileType = sourcecode.swift; path = MFCipher.swift; sourceTree = "<group>"; };
		3736911C289BC6160093336E /* SHA256Digest+Digest.swift */ = {isa = PBXFileReference; lastKnownFileType = sourcecode.swift; path = "SHA256Digest+Digest.swift"; sourceTree = "<group>"; };
		3736B213288DA26800C7AEAF /* HomeViewModel.swift */ = {isa = PBXFileReference; lastKnownFileType = sourcecode.swift; path = HomeViewModel.swift; sourceTree = "<group>"; };
		3736B216288DA50F00C7AEAF /* TOTPViewModel.swift */ = {isa = PBXFileReference; lastKnownFileType = sourcecode.swift; path = TOTPViewModel.swift; sourceTree = "<group>"; };
		3737A68B2888C9CF007F8DFD /* HomeView.swift */ = {isa = PBXFileReference; lastKnownFileType = sourcecode.swift; path = HomeView.swift; sourceTree = "<group>"; };
		3737A68F2888CA0F007F8DFD /* OTPView.swift */ = {isa = PBXFileReference; lastKnownFileType = sourcecode.swift; path = OTPView.swift; sourceTree = "<group>"; };
		377B9D60288A2E9400090D84 /* AuthenticationViewModel.swift */ = {isa = PBXFileReference; lastKnownFileType = sourcecode.swift; path = AuthenticationViewModel.swift; sourceTree = "<group>"; };
		378D9F222889DDDA007BDFB6 /* VisualEffectiveView.swift */ = {isa = PBXFileReference; lastKnownFileType = sourcecode.swift; path = VisualEffectiveView.swift; sourceTree = "<group>"; };
		378D9F292889DF1C007BDFB6 /* MultiFactor--macOS--Info.plist */ = {isa = PBXFileReference; lastKnownFileType = text.plist.xml; path = "MultiFactor--macOS--Info.plist"; sourceTree = "<group>"; };
		37C0C1ED28862CBD00553B73 /* Shared.xcdatamodel */ = {isa = PBXFileReference; lastKnownFileType = wrapper.xcdatamodel; path = Shared.xcdatamodel; sourceTree = "<group>"; };
		37C0C1EE28862CBD00553B73 /* MultiFactorApp.swift */ = {isa = PBXFileReference; lastKnownFileType = sourcecode.swift; path = MultiFactorApp.swift; sourceTree = "<group>"; };
		37C0C1EF28862CBD00553B73 /* ContentView.swift */ = {isa = PBXFileReference; lastKnownFileType = sourcecode.swift; path = ContentView.swift; sourceTree = "<group>"; };
		37C0C1F028862CBD00553B73 /* Persistence.swift */ = {isa = PBXFileReference; lastKnownFileType = sourcecode.swift; path = Persistence.swift; sourceTree = "<group>"; };
		37C0C1F128862CBF00553B73 /* Assets.xcassets */ = {isa = PBXFileReference; lastKnownFileType = folder.assetcatalog; path = Assets.xcassets; sourceTree = "<group>"; };
		37C0C1F628862CBF00553B73 /* MultiFactor.app */ = {isa = PBXFileReference; explicitFileType = wrapper.application; includeInIndex = 0; path = MultiFactor.app; sourceTree = BUILT_PRODUCTS_DIR; };
		37C0C1FC28862CBF00553B73 /* MultiFactor.app */ = {isa = PBXFileReference; explicitFileType = wrapper.application; includeInIndex = 0; path = MultiFactor.app; sourceTree = BUILT_PRODUCTS_DIR; };
		37C0C1FE28862CBF00553B73 /* macOS.entitlements */ = {isa = PBXFileReference; lastKnownFileType = text.plist.entitlements; path = macOS.entitlements; sourceTree = "<group>"; };
		37C0C20328862CC000553B73 /* Tests iOS.xctest */ = {isa = PBXFileReference; explicitFileType = wrapper.cfbundle; includeInIndex = 0; path = "Tests iOS.xctest"; sourceTree = BUILT_PRODUCTS_DIR; };
		37C0C20728862CC000553B73 /* TestsiOS.swift */ = {isa = PBXFileReference; lastKnownFileType = sourcecode.swift; path = TestsiOS.swift; sourceTree = "<group>"; };
		37C0C20928862CC000553B73 /* TestsiOSLaunchTests.swift */ = {isa = PBXFileReference; lastKnownFileType = sourcecode.swift; path = TestsiOSLaunchTests.swift; sourceTree = "<group>"; };
		37C0C20F28862CC000553B73 /* Tests macOS.xctest */ = {isa = PBXFileReference; explicitFileType = wrapper.cfbundle; includeInIndex = 0; path = "Tests macOS.xctest"; sourceTree = BUILT_PRODUCTS_DIR; };
		37C0C21328862CC000553B73 /* TestsMacOS.swift */ = {isa = PBXFileReference; lastKnownFileType = sourcecode.swift; path = TestsMacOS.swift; sourceTree = "<group>"; };
		37C0C21528862CC000553B73 /* TestsMacOSLaunchTests.swift */ = {isa = PBXFileReference; lastKnownFileType = sourcecode.swift; path = TestsMacOSLaunchTests.swift; sourceTree = "<group>"; };
		37C0C22F2886352800553B73 /* GoogleService-Info.plist */ = {isa = PBXFileReference; fileEncoding = 4; lastKnownFileType = text.plist.xml; path = "GoogleService-Info.plist"; sourceTree = "<group>"; };
		37E337DF28931C0000094293 /* DecryptedOTP.swift */ = {isa = PBXFileReference; lastKnownFileType = sourcecode.swift; path = DecryptedOTP.swift; sourceTree = "<group>"; };
/* End PBXFileReference section */

/* Begin PBXFrameworksBuildPhase section */
		37C0C1F328862CBF00553B73 /* Frameworks */ = {
			isa = PBXFrameworksBuildPhase;
			buildActionMask = 2147483647;
			files = (
				37058729288A031200E6048C /* FirebaseFirestoreCombine-Community in Frameworks */,
				3736B212288DA16500C7AEAF /* SwiftOTP in Frameworks */,
				37058727288A030900E6048C /* FirebaseAuthCombine-Community in Frameworks */,
			);
			runOnlyForDeploymentPostprocessing = 0;
		};
		37C0C1F928862CBF00553B73 /* Frameworks */ = {
			isa = PBXFrameworksBuildPhase;
			buildActionMask = 2147483647;
			files = (
				3705872B288A032000E6048C /* FirebaseAuthCombine-Community in Frameworks */,
				373E7930289A72080067B226 /* SwiftOTP in Frameworks */,
				3705872D288A032000E6048C /* FirebaseFirestoreCombine-Community in Frameworks */,
			);
			runOnlyForDeploymentPostprocessing = 0;
		};
		37C0C20028862CC000553B73 /* Frameworks */ = {
			isa = PBXFrameworksBuildPhase;
			buildActionMask = 2147483647;
			files = (
			);
			runOnlyForDeploymentPostprocessing = 0;
		};
		37C0C20C28862CC000553B73 /* Frameworks */ = {
			isa = PBXFrameworksBuildPhase;
			buildActionMask = 2147483647;
			files = (
			);
			runOnlyForDeploymentPostprocessing = 0;
		};
/* End PBXFrameworksBuildPhase section */

/* Begin PBXGroup section */
		37058735288A097C00E6048C /* Login */ = {
			isa = PBXGroup;
			children = (
				37058739288A0E7B00E6048C /* LoginView.swift */,
				377B9D60288A2E9400090D84 /* AuthenticationViewModel.swift */,
				373544E4289C45890052115A /* BiometryType.swift */,
			);
			path = Login;
			sourceTree = "<group>";
		};
		370A64EC2891F92800D529E1 /* Persistence */ = {
			isa = PBXGroup;
			children = (
				37C0C1F028862CBD00553B73 /* Persistence.swift */,
			);
			path = Persistence;
			sourceTree = "<group>";
		};
		372B2EB7288F4CAC00043D4F /* OTP */ = {
			isa = PBXGroup;
			children = (
				37369115289B1C7F0093336E /* Cipher */,
				37E337DF28931C0000094293 /* DecryptedOTP.swift */,
				3736B216288DA50F00C7AEAF /* TOTPViewModel.swift */,
				370A64ED2891FC1900D529E1 /* MFClock.swift */,
				3737A68F2888CA0F007F8DFD /* OTPView.swift */,
			);
			path = OTP;
			sourceTree = "<group>";
		};
		373408A3288C986800ABB9C4 /* Extensions */ = {
			isa = PBXGroup;
			children = (
				373408AE288CB44700ABB9C4 /* Bundle+VersionNumber.swift */,
				373408A7288C9FDE00ABB9C4 /* Color+MFColors.swift */,
				3736911C289BC6160093336E /* SHA256Digest+Digest.swift */,
				370A64F32892171F00D529E1 /* String+Extensions.swift */,
				373408A4288C98E700ABB9C4 /* View+GlassBackground.swift */,
			);
			path = Extensions;
			sourceTree = "<group>";
		};
		373408AA288CA6F800ABB9C4 /* Home */ = {
			isa = PBXGroup;
			children = (
				3737A68B2888C9CF007F8DFD /* HomeView.swift */,
				3736B213288DA26800C7AEAF /* HomeViewModel.swift */,
			);
			path = Home;
			sourceTree = "<group>";
		};
		37369115289B1C7F0093336E /* Cipher */ = {
			isa = PBXGroup;
			children = (
				37369116289B1C880093336E /* MFCipher.swift */,
			);
			path = Cipher;
			sourceTree = "<group>";
		};
		377B9D63288A337C00090D84 /* Cloud */ = {
			isa = PBXGroup;
			children = (
				373408AB288CA85200ABB9C4 /* CloudProvider.swift */,
				371F3EBA28931F2400EBAB91 /* CloudEncryptedOTP.swift */,
				37058732288A05AF00E6048C /* FirebaseCloudProvider.swift */,
			);
			path = Cloud;
			sourceTree = "<group>";
		};
		37C0C1E628862CBD00553B73 = {
			isa = PBXGroup;
			children = (
				373544F1289D14DA0052115A /* MultiFactor--iOS--Info.plist */,
				378D9F292889DF1C007BDFB6 /* MultiFactor--macOS--Info.plist */,
				37C0C1EB28862CBD00553B73 /* Shared */,
				37C0C1FD28862CBF00553B73 /* macOS */,
				37C0C20628862CC000553B73 /* Tests iOS */,
				37C0C21228862CC000553B73 /* Tests macOS */,
				37C0C1F728862CBF00553B73 /* Products */,
				37C0C237288639BC00553B73 /* Frameworks */,
			);
			sourceTree = "<group>";
		};
		37C0C1EB28862CBD00553B73 /* Shared */ = {
			isa = PBXGroup;
			children = (
				370A64EC2891F92800D529E1 /* Persistence */,
				373408A3288C986800ABB9C4 /* Extensions */,
				377B9D63288A337C00090D84 /* Cloud */,
				372B2EB7288F4CAC00043D4F /* OTP */,
				37058735288A097C00E6048C /* Login */,
				373408AA288CA6F800ABB9C4 /* Home */,
				37058723288A023100E6048C /* AppDelegate.swift */,
				37C0C1EE28862CBD00553B73 /* MultiFactorApp.swift */,
				37C0C1EF28862CBD00553B73 /* ContentView.swift */,
				37C0C1F128862CBF00553B73 /* Assets.xcassets */,
				37C0C1EC28862CBD00553B73 /* MultiFactor.xcdatamodeld */,
				37C0C22F2886352800553B73 /* GoogleService-Info.plist */,
			);
			path = Shared;
			sourceTree = "<group>";
		};
		37C0C1F728862CBF00553B73 /* Products */ = {
			isa = PBXGroup;
			children = (
				37C0C1F628862CBF00553B73 /* MultiFactor.app */,
				37C0C1FC28862CBF00553B73 /* MultiFactor.app */,
				37C0C20328862CC000553B73 /* Tests iOS.xctest */,
				37C0C20F28862CC000553B73 /* Tests macOS.xctest */,
			);
			name = Products;
			sourceTree = "<group>";
		};
		37C0C1FD28862CBF00553B73 /* macOS */ = {
			isa = PBXGroup;
			children = (
				378D9F222889DDDA007BDFB6 /* VisualEffectiveView.swift */,
				37C0C1FE28862CBF00553B73 /* macOS.entitlements */,
			);
			path = macOS;
			sourceTree = "<group>";
		};
		37C0C20628862CC000553B73 /* Tests iOS */ = {
			isa = PBXGroup;
			children = (
				37C0C20728862CC000553B73 /* TestsiOS.swift */,
				37C0C20928862CC000553B73 /* TestsiOSLaunchTests.swift */,
			);
			path = "Tests iOS";
			sourceTree = "<group>";
		};
		37C0C21228862CC000553B73 /* Tests macOS */ = {
			isa = PBXGroup;
			children = (
				37C0C21328862CC000553B73 /* TestsMacOS.swift */,
				37C0C21528862CC000553B73 /* TestsMacOSLaunchTests.swift */,
			);
			path = "Tests macOS";
			sourceTree = "<group>";
		};
		37C0C237288639BC00553B73 /* Frameworks */ = {
			isa = PBXGroup;
			children = (
			);
			name = Frameworks;
			sourceTree = "<group>";
		};
/* End PBXGroup section */

/* Begin PBXNativeTarget section */
		37C0C1F528862CBF00553B73 /* MultiFactor (iOS) */ = {
			isa = PBXNativeTarget;
			buildConfigurationList = 37C0C22328862CC000553B73 /* Build configuration list for PBXNativeTarget "MultiFactor (iOS)" */;
			buildPhases = (
				37C0C1F228862CBF00553B73 /* Sources */,
				37C0C1F328862CBF00553B73 /* Frameworks */,
				37C0C1F428862CBF00553B73 /* Resources */,
			);
			buildRules = (
			);
			dependencies = (
			);
			name = "MultiFactor (iOS)";
			packageProductDependencies = (
				37058726288A030900E6048C /* FirebaseAuthCombine-Community */,
				37058728288A031200E6048C /* FirebaseFirestoreCombine-Community */,
				3736B211288DA16500C7AEAF /* SwiftOTP */,
			);
			productName = "MultiFactor (iOS)";
			productReference = 37C0C1F628862CBF00553B73 /* MultiFactor.app */;
			productType = "com.apple.product-type.application";
		};
		37C0C1FB28862CBF00553B73 /* MultiFactor (macOS) */ = {
			isa = PBXNativeTarget;
			buildConfigurationList = 37C0C22628862CC000553B73 /* Build configuration list for PBXNativeTarget "MultiFactor (macOS)" */;
			buildPhases = (
				37C0C1F828862CBF00553B73 /* Sources */,
				37C0C1F928862CBF00553B73 /* Frameworks */,
				37C0C1FA28862CBF00553B73 /* Resources */,
			);
			buildRules = (
			);
			dependencies = (
			);
			name = "MultiFactor (macOS)";
			packageProductDependencies = (
				3705872A288A032000E6048C /* FirebaseAuthCombine-Community */,
				3705872C288A032000E6048C /* FirebaseFirestoreCombine-Community */,
				373E792F289A72080067B226 /* SwiftOTP */,
			);
			productName = "MultiFactor (macOS)";
			productReference = 37C0C1FC28862CBF00553B73 /* MultiFactor.app */;
			productType = "com.apple.product-type.application";
		};
		37C0C20228862CC000553B73 /* Tests iOS */ = {
			isa = PBXNativeTarget;
			buildConfigurationList = 37C0C22928862CC000553B73 /* Build configuration list for PBXNativeTarget "Tests iOS" */;
			buildPhases = (
				37C0C1FF28862CC000553B73 /* Sources */,
				37C0C20028862CC000553B73 /* Frameworks */,
				37C0C20128862CC000553B73 /* Resources */,
			);
			buildRules = (
			);
			dependencies = (
				37C0C20528862CC000553B73 /* PBXTargetDependency */,
			);
			name = "Tests iOS";
			productName = "Tests iOS";
			productReference = 37C0C20328862CC000553B73 /* Tests iOS.xctest */;
			productType = "com.apple.product-type.bundle.ui-testing";
		};
		37C0C20E28862CC000553B73 /* Tests macOS */ = {
			isa = PBXNativeTarget;
			buildConfigurationList = 37C0C22C28862CC000553B73 /* Build configuration list for PBXNativeTarget "Tests macOS" */;
			buildPhases = (
				37C0C20B28862CC000553B73 /* Sources */,
				37C0C20C28862CC000553B73 /* Frameworks */,
				37C0C20D28862CC000553B73 /* Resources */,
			);
			buildRules = (
			);
			dependencies = (
				37C0C21128862CC000553B73 /* PBXTargetDependency */,
			);
			name = "Tests macOS";
			productName = "Tests macOS";
			productReference = 37C0C20F28862CC000553B73 /* Tests macOS.xctest */;
			productType = "com.apple.product-type.bundle.ui-testing";
		};
/* End PBXNativeTarget section */

/* Begin PBXProject section */
		37C0C1E728862CBD00553B73 /* Project object */ = {
			isa = PBXProject;
			attributes = {
				BuildIndependentTargetsInParallel = 1;
				LastSwiftUpdateCheck = 1340;
				LastUpgradeCheck = 1340;
				TargetAttributes = {
					37C0C1F528862CBF00553B73 = {
						CreatedOnToolsVersion = 13.4.1;
					};
					37C0C1FB28862CBF00553B73 = {
						CreatedOnToolsVersion = 13.4.1;
					};
					37C0C20228862CC000553B73 = {
						CreatedOnToolsVersion = 13.4.1;
						TestTargetID = 37C0C1F528862CBF00553B73;
					};
					37C0C20E28862CC000553B73 = {
						CreatedOnToolsVersion = 13.4.1;
						TestTargetID = 37C0C1FB28862CBF00553B73;
					};
				};
			};
			buildConfigurationList = 37C0C1EA28862CBD00553B73 /* Build configuration list for PBXProject "MultiFactor" */;
			compatibilityVersion = "Xcode 13.0";
			developmentRegion = en;
			hasScannedForEncodings = 0;
			knownRegions = (
				en,
				Base,
			);
			mainGroup = 37C0C1E628862CBD00553B73;
			packageReferences = (
				378D9F242889DE87007BDFB6 /* XCRemoteSwiftPackageReference "firebase-ios-sdk" */,
				3736B210288DA16500C7AEAF /* XCRemoteSwiftPackageReference "SwiftOTP" */,
			);
			productRefGroup = 37C0C1F728862CBF00553B73 /* Products */;
			projectDirPath = "";
			projectRoot = "";
			targets = (
				37C0C1F528862CBF00553B73 /* MultiFactor (iOS) */,
				37C0C1FB28862CBF00553B73 /* MultiFactor (macOS) */,
				37C0C20228862CC000553B73 /* Tests iOS */,
				37C0C20E28862CC000553B73 /* Tests macOS */,
			);
		};
/* End PBXProject section */

/* Begin PBXResourcesBuildPhase section */
		37C0C1F428862CBF00553B73 /* Resources */ = {
			isa = PBXResourcesBuildPhase;
			buildActionMask = 2147483647;
			files = (
				37C0C21F28862CC000553B73 /* Assets.xcassets in Resources */,
				37C0C2302886352800553B73 /* GoogleService-Info.plist in Resources */,
			);
			runOnlyForDeploymentPostprocessing = 0;
		};
		37C0C1FA28862CBF00553B73 /* Resources */ = {
			isa = PBXResourcesBuildPhase;
			buildActionMask = 2147483647;
			files = (
				37C0C22028862CC000553B73 /* Assets.xcassets in Resources */,
				37C0C2312886352800553B73 /* GoogleService-Info.plist in Resources */,
			);
			runOnlyForDeploymentPostprocessing = 0;
		};
		37C0C20128862CC000553B73 /* Resources */ = {
			isa = PBXResourcesBuildPhase;
			buildActionMask = 2147483647;
			files = (
			);
			runOnlyForDeploymentPostprocessing = 0;
		};
		37C0C20D28862CC000553B73 /* Resources */ = {
			isa = PBXResourcesBuildPhase;
			buildActionMask = 2147483647;
			files = (
			);
			runOnlyForDeploymentPostprocessing = 0;
		};
/* End PBXResourcesBuildPhase section */

/* Begin PBXSourcesBuildPhase section */
		37C0C1F228862CBF00553B73 /* Sources */ = {
			isa = PBXSourcesBuildPhase;
			buildActionMask = 2147483647;
			files = (
				3736911D289BC6160093336E /* SHA256Digest+Digest.swift in Sources */,
				37E337E028931C0000094293 /* DecryptedOTP.swift in Sources */,
				370A64F42892171F00D529E1 /* String+Extensions.swift in Sources */,
				37C0C21928862CC000553B73 /* MultiFactorApp.swift in Sources */,
				3736B217288DA50F00C7AEAF /* TOTPViewModel.swift in Sources */,
				37C0C21D28862CC000553B73 /* Persistence.swift in Sources */,
				37C0C21728862CC000553B73 /* MultiFactor.xcdatamodeld in Sources */,
				373408AC288CA85200ABB9C4 /* CloudProvider.swift in Sources */,
				3737A68C2888C9CF007F8DFD /* HomeView.swift in Sources */,
				377B9D61288A2E9400090D84 /* AuthenticationViewModel.swift in Sources */,
				373408A8288C9FDE00ABB9C4 /* Color+MFColors.swift in Sources */,
				371F3EBB28931F2400EBAB91 /* CloudEncryptedOTP.swift in Sources */,
				37058733288A05AF00E6048C /* FirebaseCloudProvider.swift in Sources */,
				37058724288A023100E6048C /* AppDelegate.swift in Sources */,
				373408A5288C98E700ABB9C4 /* View+GlassBackground.swift in Sources */,
				37C0C21B28862CC000553B73 /* ContentView.swift in Sources */,
				373408AF288CB44700ABB9C4 /* Bundle+VersionNumber.swift in Sources */,
				37369117289B1C880093336E /* MFCipher.swift in Sources */,
				3705873A288A0E7B00E6048C /* LoginView.swift in Sources */,
				373544E5289C45890052115A /* BiometryType.swift in Sources */,
				3736B214288DA26800C7AEAF /* HomeViewModel.swift in Sources */,
				3737A6902888CA0F007F8DFD /* OTPView.swift in Sources */,
				370A64EE2891FC1900D529E1 /* MFClock.swift in Sources */,
			);
			runOnlyForDeploymentPostprocessing = 0;
		};
		37C0C1F828862CBF00553B73 /* Sources */ = {
			isa = PBXSourcesBuildPhase;
			buildActionMask = 2147483647;
			files = (
				373408A9288CA02500ABB9C4 /* Color+MFColors.swift in Sources */,
				373408A6288C9BDE00ABB9C4 /* View+GlassBackground.swift in Sources */,
				377B9D62288A2E9400090D84 /* AuthenticationViewModel.swift in Sources */,
				370A64EF2891FC1900D529E1 /* MFClock.swift in Sources */,
				37E337E128931C0000094293 /* DecryptedOTP.swift in Sources */,
				3736B215288DA26800C7AEAF /* HomeViewModel.swift in Sources */,
				3736911E289BC6160093336E /* SHA256Digest+Digest.swift in Sources */,
				37058725288A023100E6048C /* AppDelegate.swift in Sources */,
				37C0C21A28862CC000553B73 /* MultiFactorApp.swift in Sources */,
				37C0C21E28862CC000553B73 /* Persistence.swift in Sources */,
				37C0C21828862CC000553B73 /* MultiFactor.xcdatamodeld in Sources */,
				378D9F232889DDDA007BDFB6 /* VisualEffectiveView.swift in Sources */,
				3737A68D2888C9CF007F8DFD /* HomeView.swift in Sources */,
				373544E6289C45890052115A /* BiometryType.swift in Sources */,
				3736B218288DA50F00C7AEAF /* TOTPViewModel.swift in Sources */,
				37369118289B1C880093336E /* MFCipher.swift in Sources */,
				37058734288A05AF00E6048C /* FirebaseCloudProvider.swift in Sources */,
				373408AD288CA85200ABB9C4 /* CloudProvider.swift in Sources */,
				371F3EBC28931F2400EBAB91 /* CloudEncryptedOTP.swift in Sources */,
				373408B0288CB44700ABB9C4 /* Bundle+VersionNumber.swift in Sources */,
				3705873B288A0E7B00E6048C /* LoginView.swift in Sources */,
				37C0C21C28862CC000553B73 /* ContentView.swift in Sources */,
				370A64F52892171F00D529E1 /* String+Extensions.swift in Sources */,
				3737A6912888CA0F007F8DFD /* OTPView.swift in Sources */,
			);
			runOnlyForDeploymentPostprocessing = 0;
		};
		37C0C1FF28862CC000553B73 /* Sources */ = {
			isa = PBXSourcesBuildPhase;
			buildActionMask = 2147483647;
			files = (
				37C0C20A28862CC000553B73 /* TestsiOSLaunchTests.swift in Sources */,
				37C0C20828862CC000553B73 /* TestsiOS.swift in Sources */,
			);
			runOnlyForDeploymentPostprocessing = 0;
		};
		37C0C20B28862CC000553B73 /* Sources */ = {
			isa = PBXSourcesBuildPhase;
			buildActionMask = 2147483647;
			files = (
				37C0C21628862CC000553B73 /* TestsMacOSLaunchTests.swift in Sources */,
				37C0C21428862CC000553B73 /* TestsMacOS.swift in Sources */,
			);
			runOnlyForDeploymentPostprocessing = 0;
		};
/* End PBXSourcesBuildPhase section */

/* Begin PBXTargetDependency section */
		37C0C20528862CC000553B73 /* PBXTargetDependency */ = {
			isa = PBXTargetDependency;
			target = 37C0C1F528862CBF00553B73 /* MultiFactor (iOS) */;
			targetProxy = 37C0C20428862CC000553B73 /* PBXContainerItemProxy */;
		};
		37C0C21128862CC000553B73 /* PBXTargetDependency */ = {
			isa = PBXTargetDependency;
			target = 37C0C1FB28862CBF00553B73 /* MultiFactor (macOS) */;
			targetProxy = 37C0C21028862CC000553B73 /* PBXContainerItemProxy */;
		};
/* End PBXTargetDependency section */

/* Begin XCBuildConfiguration section */
		37C0C22128862CC000553B73 /* Debug */ = {
			isa = XCBuildConfiguration;
			buildSettings = {
				ALWAYS_SEARCH_USER_PATHS = NO;
				CLANG_ANALYZER_NONNULL = YES;
				CLANG_ANALYZER_NUMBER_OBJECT_CONVERSION = YES_AGGRESSIVE;
				CLANG_CXX_LANGUAGE_STANDARD = "gnu++17";
				CLANG_ENABLE_MODULES = YES;
				CLANG_ENABLE_OBJC_ARC = YES;
				CLANG_ENABLE_OBJC_WEAK = YES;
				CLANG_WARN_BLOCK_CAPTURE_AUTORELEASING = YES;
				CLANG_WARN_BOOL_CONVERSION = YES;
				CLANG_WARN_COMMA = YES;
				CLANG_WARN_CONSTANT_CONVERSION = YES;
				CLANG_WARN_DEPRECATED_OBJC_IMPLEMENTATIONS = YES;
				CLANG_WARN_DIRECT_OBJC_ISA_USAGE = YES_ERROR;
				CLANG_WARN_DOCUMENTATION_COMMENTS = YES;
				CLANG_WARN_EMPTY_BODY = YES;
				CLANG_WARN_ENUM_CONVERSION = YES;
				CLANG_WARN_INFINITE_RECURSION = YES;
				CLANG_WARN_INT_CONVERSION = YES;
				CLANG_WARN_NON_LITERAL_NULL_CONVERSION = YES;
				CLANG_WARN_OBJC_IMPLICIT_RETAIN_SELF = YES;
				CLANG_WARN_OBJC_LITERAL_CONVERSION = YES;
				CLANG_WARN_OBJC_ROOT_CLASS = YES_ERROR;
				CLANG_WARN_QUOTED_INCLUDE_IN_FRAMEWORK_HEADER = YES;
				CLANG_WARN_RANGE_LOOP_ANALYSIS = YES;
				CLANG_WARN_STRICT_PROTOTYPES = YES;
				CLANG_WARN_SUSPICIOUS_MOVE = YES;
				CLANG_WARN_UNGUARDED_AVAILABILITY = YES_AGGRESSIVE;
				CLANG_WARN_UNREACHABLE_CODE = YES;
				CLANG_WARN__DUPLICATE_METHOD_MATCH = YES;
				COPY_PHASE_STRIP = NO;
				DEBUG_INFORMATION_FORMAT = dwarf;
				ENABLE_STRICT_OBJC_MSGSEND = YES;
				ENABLE_TESTABILITY = YES;
				GCC_C_LANGUAGE_STANDARD = gnu11;
				GCC_DYNAMIC_NO_PIC = NO;
				GCC_NO_COMMON_BLOCKS = YES;
				GCC_OPTIMIZATION_LEVEL = 0;
				GCC_PREPROCESSOR_DEFINITIONS = (
					"DEBUG=1",
					"$(inherited)",
				);
				GCC_WARN_64_TO_32_BIT_CONVERSION = YES;
				GCC_WARN_ABOUT_RETURN_TYPE = YES_ERROR;
				GCC_WARN_UNDECLARED_SELECTOR = YES;
				GCC_WARN_UNINITIALIZED_AUTOS = YES_AGGRESSIVE;
				GCC_WARN_UNUSED_FUNCTION = YES;
				GCC_WARN_UNUSED_VARIABLE = YES;
				IPHONEOS_DEPLOYMENT_TARGET = 15.0;
				MACOSX_DEPLOYMENT_TARGET = 12.0;
				MTL_ENABLE_DEBUG_INFO = INCLUDE_SOURCE;
				MTL_FAST_MATH = YES;
				ONLY_ACTIVE_ARCH = YES;
				SWIFT_ACTIVE_COMPILATION_CONDITIONS = DEBUG;
				SWIFT_OPTIMIZATION_LEVEL = "-Onone";
			};
			name = Debug;
		};
		37C0C22228862CC000553B73 /* Release */ = {
			isa = XCBuildConfiguration;
			buildSettings = {
				ALWAYS_SEARCH_USER_PATHS = NO;
				CLANG_ANALYZER_NONNULL = YES;
				CLANG_ANALYZER_NUMBER_OBJECT_CONVERSION = YES_AGGRESSIVE;
				CLANG_CXX_LANGUAGE_STANDARD = "gnu++17";
				CLANG_ENABLE_MODULES = YES;
				CLANG_ENABLE_OBJC_ARC = YES;
				CLANG_ENABLE_OBJC_WEAK = YES;
				CLANG_WARN_BLOCK_CAPTURE_AUTORELEASING = YES;
				CLANG_WARN_BOOL_CONVERSION = YES;
				CLANG_WARN_COMMA = YES;
				CLANG_WARN_CONSTANT_CONVERSION = YES;
				CLANG_WARN_DEPRECATED_OBJC_IMPLEMENTATIONS = YES;
				CLANG_WARN_DIRECT_OBJC_ISA_USAGE = YES_ERROR;
				CLANG_WARN_DOCUMENTATION_COMMENTS = YES;
				CLANG_WARN_EMPTY_BODY = YES;
				CLANG_WARN_ENUM_CONVERSION = YES;
				CLANG_WARN_INFINITE_RECURSION = YES;
				CLANG_WARN_INT_CONVERSION = YES;
				CLANG_WARN_NON_LITERAL_NULL_CONVERSION = YES;
				CLANG_WARN_OBJC_IMPLICIT_RETAIN_SELF = YES;
				CLANG_WARN_OBJC_LITERAL_CONVERSION = YES;
				CLANG_WARN_OBJC_ROOT_CLASS = YES_ERROR;
				CLANG_WARN_QUOTED_INCLUDE_IN_FRAMEWORK_HEADER = YES;
				CLANG_WARN_RANGE_LOOP_ANALYSIS = YES;
				CLANG_WARN_STRICT_PROTOTYPES = YES;
				CLANG_WARN_SUSPICIOUS_MOVE = YES;
				CLANG_WARN_UNGUARDED_AVAILABILITY = YES_AGGRESSIVE;
				CLANG_WARN_UNREACHABLE_CODE = YES;
				CLANG_WARN__DUPLICATE_METHOD_MATCH = YES;
				COPY_PHASE_STRIP = NO;
				DEBUG_INFORMATION_FORMAT = "dwarf-with-dsym";
				ENABLE_NS_ASSERTIONS = NO;
				ENABLE_STRICT_OBJC_MSGSEND = YES;
				GCC_C_LANGUAGE_STANDARD = gnu11;
				GCC_NO_COMMON_BLOCKS = YES;
				GCC_WARN_64_TO_32_BIT_CONVERSION = YES;
				GCC_WARN_ABOUT_RETURN_TYPE = YES_ERROR;
				GCC_WARN_UNDECLARED_SELECTOR = YES;
				GCC_WARN_UNINITIALIZED_AUTOS = YES_AGGRESSIVE;
				GCC_WARN_UNUSED_FUNCTION = YES;
				GCC_WARN_UNUSED_VARIABLE = YES;
				IPHONEOS_DEPLOYMENT_TARGET = 15.0;
				MACOSX_DEPLOYMENT_TARGET = 12.0;
				MTL_ENABLE_DEBUG_INFO = NO;
				MTL_FAST_MATH = YES;
				SWIFT_COMPILATION_MODE = wholemodule;
				SWIFT_OPTIMIZATION_LEVEL = "-O";
			};
			name = Release;
		};
		37C0C22428862CC000553B73 /* Debug */ = {
			isa = XCBuildConfiguration;
			buildSettings = {
				ASSETCATALOG_COMPILER_APPICON_NAME = AppIcon;
				ASSETCATALOG_COMPILER_GLOBAL_ACCENT_COLOR_NAME = AccentColor;
				CODE_SIGN_STYLE = Automatic;
				CURRENT_PROJECT_VERSION = 1;
				DEVELOPMENT_TEAM = 4MJXMYZ3D9;
				ENABLE_PREVIEWS = YES;
				GENERATE_INFOPLIST_FILE = YES;
				INFOPLIST_FILE = "MultiFactor--iOS--Info.plist";
				INFOPLIST_KEY_NSFaceIDUsageDescription = "Need to unlock with face";
				INFOPLIST_KEY_UIApplicationSceneManifest_Generation = YES;
				INFOPLIST_KEY_UIApplicationSupportsIndirectInputEvents = YES;
				INFOPLIST_KEY_UILaunchScreen_Generation = YES;
				INFOPLIST_KEY_UISupportedInterfaceOrientations_iPad = "UIInterfaceOrientationPortrait UIInterfaceOrientationPortraitUpsideDown UIInterfaceOrientationLandscapeLeft UIInterfaceOrientationLandscapeRight";
				INFOPLIST_KEY_UISupportedInterfaceOrientations_iPhone = "UIInterfaceOrientationPortrait UIInterfaceOrientationLandscapeLeft UIInterfaceOrientationLandscapeRight";
				IPHONEOS_DEPLOYMENT_TARGET = 15.0;
				LD_RUNPATH_SEARCH_PATHS = (
					"$(inherited)",
					"@executable_path/Frameworks",
				);
				MARKETING_VERSION = 1.0;
				PRODUCT_BUNDLE_IDENTIFIER = it.fru.MultiFactor;
				PRODUCT_NAME = MultiFactor;
				SDKROOT = iphoneos;
				SWIFT_EMIT_LOC_STRINGS = YES;
				SWIFT_VERSION = 5.0;
				TARGETED_DEVICE_FAMILY = "1,2";
			};
			name = Debug;
		};
		37C0C22528862CC000553B73 /* Release */ = {
			isa = XCBuildConfiguration;
			buildSettings = {
				ASSETCATALOG_COMPILER_APPICON_NAME = AppIcon;
				ASSETCATALOG_COMPILER_GLOBAL_ACCENT_COLOR_NAME = AccentColor;
				CODE_SIGN_STYLE = Automatic;
				CURRENT_PROJECT_VERSION = 1;
				DEVELOPMENT_TEAM = 4MJXMYZ3D9;
				ENABLE_PREVIEWS = YES;
				GENERATE_INFOPLIST_FILE = YES;
				INFOPLIST_FILE = "MultiFactor--iOS--Info.plist";
				INFOPLIST_KEY_NSFaceIDUsageDescription = "Need to unlock with face";
				INFOPLIST_KEY_UIApplicationSceneManifest_Generation = YES;
				INFOPLIST_KEY_UIApplicationSupportsIndirectInputEvents = YES;
				INFOPLIST_KEY_UILaunchScreen_Generation = YES;
				INFOPLIST_KEY_UISupportedInterfaceOrientations_iPad = "UIInterfaceOrientationPortrait UIInterfaceOrientationPortraitUpsideDown UIInterfaceOrientationLandscapeLeft UIInterfaceOrientationLandscapeRight";
				INFOPLIST_KEY_UISupportedInterfaceOrientations_iPhone = "UIInterfaceOrientationPortrait UIInterfaceOrientationLandscapeLeft UIInterfaceOrientationLandscapeRight";
				IPHONEOS_DEPLOYMENT_TARGET = 15.0;
				LD_RUNPATH_SEARCH_PATHS = (
					"$(inherited)",
					"@executable_path/Frameworks",
				);
				MARKETING_VERSION = 1.0;
				PRODUCT_BUNDLE_IDENTIFIER = it.fru.MultiFactor;
				PRODUCT_NAME = MultiFactor;
				SDKROOT = iphoneos;
				SWIFT_EMIT_LOC_STRINGS = YES;
				SWIFT_VERSION = 5.0;
				TARGETED_DEVICE_FAMILY = "1,2";
				VALIDATE_PRODUCT = YES;
			};
			name = Release;
		};
		37C0C22728862CC000553B73 /* Debug */ = {
			isa = XCBuildConfiguration;
			buildSettings = {
				ASSETCATALOG_COMPILER_APPICON_NAME = AppIcon;
				ASSETCATALOG_COMPILER_GLOBAL_ACCENT_COLOR_NAME = AccentColor;
				CODE_SIGN_ENTITLEMENTS = macOS/macOS.entitlements;
				CODE_SIGN_STYLE = Automatic;
				COMBINE_HIDPI_IMAGES = YES;
				CURRENT_PROJECT_VERSION = 1;
				DEVELOPMENT_TEAM = 4MJXMYZ3D9;
				ENABLE_HARDENED_RUNTIME = YES;
				ENABLE_PREVIEWS = YES;
				GENERATE_INFOPLIST_FILE = YES;
				INFOPLIST_FILE = "MultiFactor--macOS--Info.plist";
				INFOPLIST_KEY_NSFaceIDUsageDescription = "Need face";
				INFOPLIST_KEY_NSHumanReadableCopyright = "";
				LD_RUNPATH_SEARCH_PATHS = (
					"$(inherited)",
					"@executable_path/../Frameworks",
				);
				MACOSX_DEPLOYMENT_TARGET = 12.3;
				MARKETING_VERSION = 1.0;
				PRODUCT_BUNDLE_IDENTIFIER = it.fru.MultiFactor;
				PRODUCT_NAME = MultiFactor;
				SDKROOT = macosx;
				SWIFT_EMIT_LOC_STRINGS = YES;
				SWIFT_VERSION = 5.0;
			};
			name = Debug;
		};
		37C0C22828862CC000553B73 /* Release */ = {
			isa = XCBuildConfiguration;
			buildSettings = {
				ASSETCATALOG_COMPILER_APPICON_NAME = AppIcon;
				ASSETCATALOG_COMPILER_GLOBAL_ACCENT_COLOR_NAME = AccentColor;
				CODE_SIGN_ENTITLEMENTS = macOS/macOS.entitlements;
				CODE_SIGN_STYLE = Automatic;
				COMBINE_HIDPI_IMAGES = YES;
				CURRENT_PROJECT_VERSION = 1;
				DEVELOPMENT_TEAM = 4MJXMYZ3D9;
				ENABLE_HARDENED_RUNTIME = YES;
				ENABLE_PREVIEWS = YES;
				GENERATE_INFOPLIST_FILE = YES;
				INFOPLIST_FILE = "MultiFactor--macOS--Info.plist";
				INFOPLIST_KEY_NSFaceIDUsageDescription = "Need face";
				INFOPLIST_KEY_NSHumanReadableCopyright = "";
				LD_RUNPATH_SEARCH_PATHS = (
					"$(inherited)",
					"@executable_path/../Frameworks",
				);
				MACOSX_DEPLOYMENT_TARGET = 12.3;
				MARKETING_VERSION = 1.0;
				PRODUCT_BUNDLE_IDENTIFIER = it.fru.MultiFactor;
				PRODUCT_NAME = MultiFactor;
				SDKROOT = macosx;
				SWIFT_EMIT_LOC_STRINGS = YES;
				SWIFT_VERSION = 5.0;
			};
			name = Release;
		};
		37C0C22A28862CC000553B73 /* Debug */ = {
			isa = XCBuildConfiguration;
			buildSettings = {
				ALWAYS_EMBED_SWIFT_STANDARD_LIBRARIES = YES;
				CODE_SIGN_STYLE = Automatic;
				CURRENT_PROJECT_VERSION = 1;
				DEVELOPMENT_TEAM = 4MJXMYZ3D9;
				GENERATE_INFOPLIST_FILE = YES;
				IPHONEOS_DEPLOYMENT_TARGET = 15.5;
				MARKETING_VERSION = 1.0;
				PRODUCT_BUNDLE_IDENTIFIER = "it.fru.Tests-iOS";
				PRODUCT_NAME = "$(TARGET_NAME)";
				SDKROOT = iphoneos;
				SWIFT_EMIT_LOC_STRINGS = NO;
				SWIFT_VERSION = 5.0;
				TARGETED_DEVICE_FAMILY = "1,2";
				TEST_TARGET_NAME = "MultiFactor (iOS)";
			};
			name = Debug;
		};
		37C0C22B28862CC000553B73 /* Release */ = {
			isa = XCBuildConfiguration;
			buildSettings = {
				ALWAYS_EMBED_SWIFT_STANDARD_LIBRARIES = YES;
				CODE_SIGN_STYLE = Automatic;
				CURRENT_PROJECT_VERSION = 1;
				DEVELOPMENT_TEAM = 4MJXMYZ3D9;
				GENERATE_INFOPLIST_FILE = YES;
				IPHONEOS_DEPLOYMENT_TARGET = 15.5;
				MARKETING_VERSION = 1.0;
				PRODUCT_BUNDLE_IDENTIFIER = "it.fru.Tests-iOS";
				PRODUCT_NAME = "$(TARGET_NAME)";
				SDKROOT = iphoneos;
				SWIFT_EMIT_LOC_STRINGS = NO;
				SWIFT_VERSION = 5.0;
				TARGETED_DEVICE_FAMILY = "1,2";
				TEST_TARGET_NAME = "MultiFactor (iOS)";
				VALIDATE_PRODUCT = YES;
			};
			name = Release;
		};
		37C0C22D28862CC000553B73 /* Debug */ = {
			isa = XCBuildConfiguration;
			buildSettings = {
				ALWAYS_EMBED_SWIFT_STANDARD_LIBRARIES = YES;
				CODE_SIGN_STYLE = Automatic;
				CURRENT_PROJECT_VERSION = 1;
				DEVELOPMENT_TEAM = 4MJXMYZ3D9;
				GENERATE_INFOPLIST_FILE = YES;
				MACOSX_DEPLOYMENT_TARGET = 12.3;
				MARKETING_VERSION = 1.0;
				PRODUCT_BUNDLE_IDENTIFIER = "it.fru.Tests-macOS";
				PRODUCT_NAME = "$(TARGET_NAME)";
				SDKROOT = macosx;
				SWIFT_EMIT_LOC_STRINGS = NO;
				SWIFT_VERSION = 5.0;
				TEST_TARGET_NAME = "MultiFactor (macOS)";
			};
			name = Debug;
		};
		37C0C22E28862CC000553B73 /* Release */ = {
			isa = XCBuildConfiguration;
			buildSettings = {
				ALWAYS_EMBED_SWIFT_STANDARD_LIBRARIES = YES;
				CODE_SIGN_STYLE = Automatic;
				CURRENT_PROJECT_VERSION = 1;
				DEVELOPMENT_TEAM = 4MJXMYZ3D9;
				GENERATE_INFOPLIST_FILE = YES;
				MACOSX_DEPLOYMENT_TARGET = 12.3;
				MARKETING_VERSION = 1.0;
				PRODUCT_BUNDLE_IDENTIFIER = "it.fru.Tests-macOS";
				PRODUCT_NAME = "$(TARGET_NAME)";
				SDKROOT = macosx;
				SWIFT_EMIT_LOC_STRINGS = NO;
				SWIFT_VERSION = 5.0;
				TEST_TARGET_NAME = "MultiFactor (macOS)";
			};
			name = Release;
		};
/* End XCBuildConfiguration section */

/* Begin XCConfigurationList section */
		37C0C1EA28862CBD00553B73 /* Build configuration list for PBXProject "MultiFactor" */ = {
			isa = XCConfigurationList;
			buildConfigurations = (
				37C0C22128862CC000553B73 /* Debug */,
				37C0C22228862CC000553B73 /* Release */,
			);
			defaultConfigurationIsVisible = 0;
			defaultConfigurationName = Release;
		};
		37C0C22328862CC000553B73 /* Build configuration list for PBXNativeTarget "MultiFactor (iOS)" */ = {
			isa = XCConfigurationList;
			buildConfigurations = (
				37C0C22428862CC000553B73 /* Debug */,
				37C0C22528862CC000553B73 /* Release */,
			);
			defaultConfigurationIsVisible = 0;
			defaultConfigurationName = Release;
		};
		37C0C22628862CC000553B73 /* Build configuration list for PBXNativeTarget "MultiFactor (macOS)" */ = {
			isa = XCConfigurationList;
			buildConfigurations = (
				37C0C22728862CC000553B73 /* Debug */,
				37C0C22828862CC000553B73 /* Release */,
			);
			defaultConfigurationIsVisible = 0;
			defaultConfigurationName = Release;
		};
		37C0C22928862CC000553B73 /* Build configuration list for PBXNativeTarget "Tests iOS" */ = {
			isa = XCConfigurationList;
			buildConfigurations = (
				37C0C22A28862CC000553B73 /* Debug */,
				37C0C22B28862CC000553B73 /* Release */,
			);
			defaultConfigurationIsVisible = 0;
			defaultConfigurationName = Release;
		};
		37C0C22C28862CC000553B73 /* Build configuration list for PBXNativeTarget "Tests macOS" */ = {
			isa = XCConfigurationList;
			buildConfigurations = (
				37C0C22D28862CC000553B73 /* Debug */,
				37C0C22E28862CC000553B73 /* Release */,
			);
			defaultConfigurationIsVisible = 0;
			defaultConfigurationName = Release;
		};
/* End XCConfigurationList section */

/* Begin XCRemoteSwiftPackageReference section */
		3736B210288DA16500C7AEAF /* XCRemoteSwiftPackageReference "SwiftOTP" */ = {
			isa = XCRemoteSwiftPackageReference;
			repositoryURL = "https://github.com/lachlanbell/SwiftOTP.git";
			requirement = {
				kind = upToNextMajorVersion;
				minimumVersion = 3.0.0;
			};
		};
		378D9F242889DE87007BDFB6 /* XCRemoteSwiftPackageReference "firebase-ios-sdk" */ = {
			isa = XCRemoteSwiftPackageReference;
			repositoryURL = "https://github.com/firebase/firebase-ios-sdk";
			requirement = {
				branch = master;
				kind = branch;
			};
		};
/* End XCRemoteSwiftPackageReference section */

/* Begin XCSwiftPackageProductDependency section */
		37058726288A030900E6048C /* FirebaseAuthCombine-Community */ = {
			isa = XCSwiftPackageProductDependency;
			package = 378D9F242889DE87007BDFB6 /* XCRemoteSwiftPackageReference "firebase-ios-sdk" */;
			productName = "FirebaseAuthCombine-Community";
		};
		37058728288A031200E6048C /* FirebaseFirestoreCombine-Community */ = {
			isa = XCSwiftPackageProductDependency;
			package = 378D9F242889DE87007BDFB6 /* XCRemoteSwiftPackageReference "firebase-ios-sdk" */;
			productName = "FirebaseFirestoreCombine-Community";
		};
		3705872A288A032000E6048C /* FirebaseAuthCombine-Community */ = {
			isa = XCSwiftPackageProductDependency;
			package = 378D9F242889DE87007BDFB6 /* XCRemoteSwiftPackageReference "firebase-ios-sdk" */;
			productName = "FirebaseAuthCombine-Community";
		};
		3705872C288A032000E6048C /* FirebaseFirestoreCombine-Community */ = {
			isa = XCSwiftPackageProductDependency;
			package = 378D9F242889DE87007BDFB6 /* XCRemoteSwiftPackageReference "firebase-ios-sdk" */;
			productName = "FirebaseFirestoreCombine-Community";
		};
		3736B211288DA16500C7AEAF /* SwiftOTP */ = {
			isa = XCSwiftPackageProductDependency;
			package = 3736B210288DA16500C7AEAF /* XCRemoteSwiftPackageReference "SwiftOTP" */;
			productName = SwiftOTP;
		};
		373E792F289A72080067B226 /* SwiftOTP */ = {
			isa = XCSwiftPackageProductDependency;
			package = 3736B210288DA16500C7AEAF /* XCRemoteSwiftPackageReference "SwiftOTP" */;
			productName = SwiftOTP;
		};
/* End XCSwiftPackageProductDependency section */

/* Begin XCVersionGroup section */
		37C0C1EC28862CBD00553B73 /* MultiFactor.xcdatamodeld */ = {
			isa = XCVersionGroup;
			children = (
				37C0C1ED28862CBD00553B73 /* Shared.xcdatamodel */,
			);
			currentVersion = 37C0C1ED28862CBD00553B73 /* Shared.xcdatamodel */;
			path = MultiFactor.xcdatamodeld;
			sourceTree = "<group>";
			versionGroupType = wrapper.xcdatamodel;
		};
/* End XCVersionGroup section */
	};
	rootObject = 37C0C1E728862CBD00553B73 /* Project object */;
}
